
Microsoft Visual Studio Solution File, Format Version 11.00
# Visual Studio 2010
Project("{FAE04EC0-301F-11D3-BF4B-00C04F79EFBC}") = "NextMind.UnitySDK.Examples", "NextMind.UnitySDK.Examples.csproj", "{c32eff7a-11b1-f76a-f43f-8f2b7df81c5f}"
EndProject
Project("{FAE04EC0-301F-11D3-BF4B-00C04F79EFBC}") = "Assembly-CSharp", "Assembly-CSharp.csproj", "{e048ea0f-2ada-141f-621e-2b04c87e9e89}"
EndProject
Global
	GlobalSection(SolutionConfigurationPlatforms) = preSolution
		Debug|Any CPU = Debug|Any CPU
	EndGlobalSection
	GlobalSection(ProjectConfigurationPlatforms) = postSolution
		{c32eff7a-11b1-f76a-f43f-8f2b7df81c5f}.Debug|Any CPU.ActiveCfg = Debug|Any CPU
		{c32eff7a-11b1-f76a-f43f-8f2b7df81c5f}.Debug|Any CPU.Build.0 = Debug|Any CPU
		{e048ea0f-2ada-141f-621e-2b04c87e9e89}.Debug|Any CPU.ActiveCfg = Debug|Any CPU
		{e048ea0f-2ada-141f-621e-2b04c87e9e89}.Debug|Any CPU.Build.0 = Debug|Any CPU
	EndGlobalSection
	GlobalSection(SolutionProperties) = preSolution
		HideSolutionNode = FALSE
	EndGlobalSection
EndGlobal
